
Microsoft Visual Studio Solution File, Format Version 12.00
# Visual Studio Version 17
VisualStudioVersion = 17.3.32929.385
MinimumVisualStudioVersion = 10.0.40219.1
Project("{2150E333-8FDC-42A3-9474-1A3956D46DE8}") = "src", "src", "{360B18BD-653A-4824-9261-C88167EEBAD2}"
EndProject
Project("{9A19103F-16F7-4668-BE54-9A1E7A4F7556}") = "Valr.Client.Websocket", "src\Valr.Client.Websocket\Valr.Client.Websocket.csproj", "{9C5C5C13-33CC-4468-8956-001326282B22}"
EndProject
Project("{2150E333-8FDC-42A3-9474-1A3956D46DE8}") = "test", "test", "{5B608912-5367-4545-A374-1F93389707AB}"
EndProject
Project("{FAE04EC0-301F-11D3-BF4B-00C04F79EFBC}") = "Valr.Client.Websocket.Tests", "test\Valr.Client.Websocket.Tests\Valr.Client.Websocket.Tests.csproj", "{E4798E35-44D2-4AE8-A0A7-8D62CD4641C6}"
EndProject
Global
	GlobalSection(SolutionConfigurationPlatforms) = preSolution
		Debug|Any CPU = Debug|Any CPU
		Release|Any CPU = Release|Any CPU
	EndGlobalSection
	GlobalSection(ProjectConfigurationPlatforms) = postSolution
		{9C5C5C13-33CC-4468-8956-001326282B22}.Debug|Any CPU.ActiveCfg = Debug|Any CPU
		{9C5C5C13-33CC-4468-8956-001326282B22}.Debug|Any CPU.Build.0 = Debug|Any CPU
		{9C5C5C13-33CC-4468-8956-001326282B22}.Release|Any CPU.ActiveCfg = Release|Any CPU
		{9C5C5C13-33CC-4468-8956-001326282B22}.Release|Any CPU.Build.0 = Release|Any CPU
		{E4798E35-44D2-4AE8-A0A7-8D62CD4641C6}.Debug|Any CPU.ActiveCfg = Debug|Any CPU
		{E4798E35-44D2-4AE8-A0A7-8D62CD4641C6}.Debug|Any CPU.Build.0 = Debug|Any CPU
		{E4798E35-44D2-4AE8-A0A7-8D62CD4641C6}.Release|Any CPU.ActiveCfg = Release|Any CPU
		{E4798E35-44D2-4AE8-A0A7-8D62CD4641C6}.Release|Any CPU.Build.0 = Release|Any CPU
	EndGlobalSection
	GlobalSection(SolutionProperties) = preSolution
		HideSolutionNode = FALSE
	EndGlobalSection
	GlobalSection(NestedProjects) = preSolution
		{9C5C5C13-33CC-4468-8956-001326282B22} = {360B18BD-653A-4824-9261-C88167EEBAD2}
		{E4798E35-44D2-4AE8-A0A7-8D62CD4641C6} = {5B608912-5367-4545-A374-1F93389707AB}
	EndGlobalSection
	GlobalSection(ExtensibilityGlobals) = postSolution
		SolutionGuid = {EE3E0B94-CF20-4C22-B50B-E720E8DFD675}
	EndGlobalSection
EndGlobal
